# THIS IS AN AUTOGENERATED FILE. DO NOT EDIT THIS FILE DIRECTLY.
# yarn lockfile v1


"@prisma/client@5.18.0":
  version "5.18.0"
  resolved "https://registry.yarnpkg.com/@prisma/client/-/client-5.18.0.tgz#526e4281a448f214c0ff81d65c39243608c98294"
  integrity sha512-BWivkLh+af1kqC89zCJYkHsRcyWsM8/JHpsDMM76DjP3ZdEquJhXa4IeX+HkWPnwJ5FanxEJFZZDTWiDs/Kvyw==

"@prisma/debug@5.18.0":
  version "5.18.0"
  resolved "https://registry.yarnpkg.com/@prisma/debug/-/debug-5.18.0.tgz#527799e044d2903a35945e61ac2d8916e4b61ead"
  integrity sha512-f+ZvpTLidSo3LMJxQPVgAxdAjzv5OpzAo/eF8qZqbwvgi2F5cTOI9XCpdRzJYA0iGfajjwjOKKrVq64vkxEfUw==

"@prisma/engines-version@5.18.0-25.4c784e32044a8a016d99474bd02a3b6123742169":
  version "5.18.0-25.4c784e32044a8a016d99474bd02a3b6123742169"
  resolved "https://registry.yarnpkg.com/@prisma/engines-version/-/engines-version-5.18.0-25.4c784e32044a8a016d99474bd02a3b6123742169.tgz#203426ebf4ec4e1acce7da4a59ec8f0df92b29e7"
  integrity sha512-a/+LpJj8vYU3nmtkg+N3X51ddbt35yYrRe8wqHTJtYQt7l1f8kjIBcCs6sHJvodW/EK5XGvboOiwm47fmNrbgg==

"@prisma/engines@5.18.0":
  version "5.18.0"
  resolved "https://registry.yarnpkg.com/@prisma/engines/-/engines-5.18.0.tgz#26ea46e26498be622407cf95663d7fb4c39c895b"
  integrity sha512-ofmpGLeJ2q2P0wa/XaEgTnX/IsLnvSp/gZts0zjgLNdBhfuj2lowOOPmDcfKljLQUXMvAek3lw5T01kHmCG8rg==
  dependencies:
    "@prisma/debug" "5.18.0"
    "@prisma/engines-version" "5.18.0-25.4c784e32044a8a016d99474bd02a3b6123742169"
    "@prisma/fetch-engine" "5.18.0"
    "@prisma/get-platform" "5.18.0"

"@prisma/fetch-engine@5.18.0":
  version "5.18.0"
  resolved "https://registry.yarnpkg.com/@prisma/fetch-engine/-/fetch-engine-5.18.0.tgz#5b343e2b36b27e2713901ddd032ddd6932b3d55f"
  integrity sha512-I/3u0x2n31rGaAuBRx2YK4eB7R/1zCuayo2DGwSpGyrJWsZesrV7QVw7ND0/Suxeo/vLkJ5OwuBqHoCxvTHpOg==
  dependencies:
    "@prisma/debug" "5.18.0"
    "@prisma/engines-version" "5.18.0-25.4c784e32044a8a016d99474bd02a3b6123742169"
    "@prisma/get-platform" "5.18.0"

"@prisma/get-platform@5.18.0":
  version "5.18.0"
  resolved "https://registry.yarnpkg.com/@prisma/get-platform/-/get-platform-5.18.0.tgz#0dc4c82fe9a4971f4519a57cb2dd69d8e0df4b71"
  integrity sha512-Tk+m7+uhqcKDgnMnFN0lRiH7Ewea0OEsZZs9pqXa7i3+7svS3FSCqDBCaM9x5fmhhkufiG0BtunJVDka+46DlA==
  dependencies:
    "@prisma/debug" "5.18.0"

balanced-match@^1.0.0:
  version "1.0.2"
  resolved "https://registry.yarnpkg.com/balanced-match/-/balanced-match-1.0.2.tgz#e83e3a7e3f300b34cb9d87f615fa0cbf357690ee"
  integrity sha512-3oSeUO0TMV67hN1AmbXsK4yaqU7tjiHlbxRDZOpH0KW9+CeX4bRAaX0Anxt0tx2MrpRpWwQaPwIlISEJhYU5Pw==

brace-expansion@^2.0.1:
  version "2.0.1"
  resolved "https://registry.yarnpkg.com/brace-expansion/-/brace-expansion-2.0.1.tgz#1edc459e0f0c548486ecf9fc99f2221364b9a0ae"
  integrity sha512-XnAIvQ8eM+kC6aULx6wuQiwVsnzsi9d3WxzV3FpWTGA19F621kwdbsAcFKXgKUHZWsy+mY6iL1sHTxWEFCytDA==
  dependencies:
    balanced-match "^1.0.0"

commander@12.1.0:
  version "12.1.0"
  resolved "https://registry.yarnpkg.com/commander/-/commander-12.1.0.tgz#01423b36f501259fdaac4d0e4d60c96c991585d3"
  integrity sha512-Vw8qHK3bZM9y/P10u3Vib8o/DdkvA2OtPtZvD871QKjy74Wj1WSKFILMPRPSdUSx5RFK1arlJzEtA4PkFgnbuA==

dotenv@16.4.5:
  version "16.4.5"
  resolved "https://registry.yarnpkg.com/dotenv/-/dotenv-16.4.5.tgz#cdd3b3b604cb327e286b4762e13502f717cb099f"
  integrity sha512-ZmdL2rui+eB2YwhsWzjInR8LldtZHGDoQ1ugH85ppHKwpUHL7j7rN0Ti9NCnGiQbhaZ11FpR+7ao1dNsmduNUg==

minimatch@10.0.1:
  version "10.0.1"
  resolved "https://registry.yarnpkg.com/minimatch/-/minimatch-10.0.1.tgz#ce0521856b453c86e25f2c4c0d03e6ff7ddc440b"
  integrity sha512-ethXTt3SGGR+95gudmqJ1eNhRO7eGEGIgYA9vnPatK4/etz2MEVDno5GMCibdMTuBMyElzIlgxMna3K94XDIDQ==
  dependencies:
    brace-expansion "^2.0.1"

prisma@5.18.0:
  version "5.18.0"
  resolved "https://registry.yarnpkg.com/prisma/-/prisma-5.18.0.tgz#5ef69c802a075b7596231ea57003496873610b9e"
  integrity sha512-+TrSIxZsh64OPOmaSgVPH7ALL9dfU0jceYaMJXsNrTkFHO7/3RANi5K2ZiPB1De9+KDxCWn7jvRq8y8pvk+o9g==
  dependencies:
    "@prisma/engines" "5.18.0"

validator@13.12.0:
  version "13.12.0"
  resolved "https://registry.yarnpkg.com/validator/-/validator-13.12.0.tgz#7d78e76ba85504da3fee4fd1922b385914d4b35f"
  integrity sha512-c1Q0mCiPlgdTVVVIJIrBuxNicYE+t/7oKeI9MWLj3fh/uq2Pxh/3eeWbVZ4OcGW1TUf53At0njHw5SMdA3tmMg==
